
Microsoft Visual Studio Solution File, Format Version 12.00
# Visual Studio Version 17
VisualStudioVersion = 17.11.35303.130
MinimumVisualStudioVersion = 10.0.40219.1
Project("{FAE04EC0-301F-11D3-BF4B-00C04F79EFBC}") = "mySnakeC", "mySnakeC\mySnakeC.csproj", "{1381606E-54E5-4D3E-A908-143D1901D6F1}"
EndProject
Global
	GlobalSection(SolutionConfigurationPlatforms) = preSolution
		Debug|Any CPU = Debug|Any CPU
		Release|Any CPU = Release|Any CPU
	EndGlobalSection
	GlobalSection(ProjectConfigurationPlatforms) = postSolution
		{1381606E-54E5-4D3E-A908-143D1901D6F1}.Debug|Any CPU.ActiveCfg = Debug|Any CPU
		{1381606E-54E5-4D3E-A908-143D1901D6F1}.Debug|Any CPU.Build.0 = Debug|Any CPU
		{1381606E-54E5-4D3E-A908-143D1901D6F1}.Release|Any CPU.ActiveCfg = Release|Any CPU
		{1381606E-54E5-4D3E-A908-143D1901D6F1}.Release|Any CPU.Build.0 = Release|Any CPU
	EndGlobalSection
	GlobalSection(SolutionProperties) = preSolution
		HideSolutionNode = FALSE
	EndGlobalSection
	GlobalSection(ExtensibilityGlobals) = postSolution
		SolutionGuid = {3A974332-095B-449B-99E7-D2213358A5AF}
	EndGlobalSection
EndGlobal
